// !$*UTF8*$!
{
	archiveVersion = 1;
	classes = {
	};
	objectVersion = 56;
	objects = {

/* Begin PBXBuildFile section */
		EB878C9529A8551300958633 /* DoneDidItApp.swift in Sources */ = {isa = PBXBuildFile; fileRef = EB878C9429A8551300958633 /* DoneDidItApp.swift */; };
		EB878C9929A8551600958633 /* Assets.xcassets in Resources */ = {isa = PBXBuildFile; fileRef = EB878C9829A8551600958633 /* Assets.xcassets */; };
		EB878C9C29A8551600958633 /* Preview Assets.xcassets in Resources */ = {isa = PBXBuildFile; fileRef = EB878C9B29A8551600958633 /* Preview Assets.xcassets */; };
		EB878CA429A8587300958633 /* GoogleService-Info.plist in Resources */ = {isa = PBXBuildFile; fileRef = EB878CA329A8587300958633 /* GoogleService-Info.plist */; };
		EB878CA729A85AB500958633 /* FirebaseAuth in Frameworks */ = {isa = PBXBuildFile; productRef = EB878CA629A85AB500958633 /* FirebaseAuth */; };
		EB878CA929A85AB600958633 /* FirebaseFirestore in Frameworks */ = {isa = PBXBuildFile; productRef = EB878CA829A85AB600958633 /* FirebaseFirestore */; };
		EB878CAB29A85AB600958633 /* FirebaseStorage in Frameworks */ = {isa = PBXBuildFile; productRef = EB878CAA29A85AB600958633 /* FirebaseStorage */; };
		EB878CAD29A8603F00958633 /* AuthenticationSwitcher.swift in Sources */ = {isa = PBXBuildFile; fileRef = EB878CAC29A8603F00958633 /* AuthenticationSwitcher.swift */; };
		EBE944C129A86B78006FE938 /* AuthenticationModel.swift in Sources */ = {isa = PBXBuildFile; fileRef = EBE944C029A86B78006FE938 /* AuthenticationModel.swift */; };
		EBE944C329A86CED006FE938 /* LandingView.swift in Sources */ = {isa = PBXBuildFile; fileRef = EBE944C229A86CED006FE938 /* LandingView.swift */; };
		EBE944C529A86D02006FE938 /* HomeView.swift in Sources */ = {isa = PBXBuildFile; fileRef = EBE944C429A86D02006FE938 /* HomeView.swift */; };
/* End PBXBuildFile section */

/* Begin PBXFileReference section */
		EB3D30C329A866A70046C121 /* DoneDidIt.entitlements */ = {isa = PBXFileReference; lastKnownFileType = text.plist.entitlements; path = DoneDidIt.entitlements; sourceTree = "<group>"; };
		EB878C9129A8551300958633 /* DoneDidIt.app */ = {isa = PBXFileReference; explicitFileType = wrapper.application; includeInIndex = 0; path = DoneDidIt.app; sourceTree = BUILT_PRODUCTS_DIR; };
		EB878C9429A8551300958633 /* DoneDidItApp.swift */ = {isa = PBXFileReference; lastKnownFileType = sourcecode.swift; path = DoneDidItApp.swift; sourceTree = "<group>"; };
		EB878C9829A8551600958633 /* Assets.xcassets */ = {isa = PBXFileReference; lastKnownFileType = folder.assetcatalog; path = Assets.xcassets; sourceTree = "<group>"; };
		EB878C9B29A8551600958633 /* Preview Assets.xcassets */ = {isa = PBXFileReference; lastKnownFileType = folder.assetcatalog; path = "Preview Assets.xcassets"; sourceTree = "<group>"; };
		EB878CA229A8578500958633 /* Info.plist */ = {isa = PBXFileReference; lastKnownFileType = text.plist; path = Info.plist; sourceTree = "<group>"; };
		EB878CA329A8587300958633 /* GoogleService-Info.plist */ = {isa = PBXFileReference; fileEncoding = 4; lastKnownFileType = text.plist.xml; path = "GoogleService-Info.plist"; sourceTree = "<group>"; };
		EB878CAC29A8603F00958633 /* AuthenticationSwitcher.swift */ = {isa = PBXFileReference; lastKnownFileType = sourcecode.swift; path = AuthenticationSwitcher.swift; sourceTree = "<group>"; };
		EBE944C029A86B78006FE938 /* AuthenticationModel.swift */ = {isa = PBXFileReference; lastKnownFileType = sourcecode.swift; path = AuthenticationModel.swift; sourceTree = "<group>"; };
		EBE944C229A86CED006FE938 /* LandingView.swift */ = {isa = PBXFileReference; lastKnownFileType = sourcecode.swift; path = LandingView.swift; sourceTree = "<group>"; };
		EBE944C429A86D02006FE938 /* HomeView.swift */ = {isa = PBXFileReference; lastKnownFileType = sourcecode.swift; path = HomeView.swift; sourceTree = "<group>"; };
/* End PBXFileReference section */

/* Begin PBXFrameworksBuildPhase section */
		EB878C8E29A8551300958633 /* Frameworks */ = {
			isa = PBXFrameworksBuildPhase;
			buildActionMask = 2147483647;
			files = (
				EB878CA729A85AB500958633 /* FirebaseAuth in Frameworks */,
				EB878CA929A85AB600958633 /* FirebaseFirestore in Frameworks */,
				EB878CAB29A85AB600958633 /* FirebaseStorage in Frameworks */,
			);
			runOnlyForDeploymentPostprocessing = 0;
		};
/* End PBXFrameworksBuildPhase section */

/* Begin PBXGroup section */
		EB878C8829A8551300958633 = {
			isa = PBXGroup;
			children = (
				EB878C9329A8551300958633 /* DoneDidIt */,
				EB878C9229A8551300958633 /* Products */,
			);
			sourceTree = "<group>";
		};
		EB878C9229A8551300958633 /* Products */ = {
			isa = PBXGroup;
			children = (
				EB878C9129A8551300958633 /* DoneDidIt.app */,
			);
			name = Products;
			sourceTree = "<group>";
		};
		EB878C9329A8551300958633 /* DoneDidIt */ = {
			isa = PBXGroup;
			children = (
				EB3D30C329A866A70046C121 /* DoneDidIt.entitlements */,
				EB878C9429A8551300958633 /* DoneDidItApp.swift */,
				EBE944C029A86B78006FE938 /* AuthenticationModel.swift */,
				EB878CAC29A8603F00958633 /* AuthenticationSwitcher.swift */,
				EBE944C229A86CED006FE938 /* LandingView.swift */,
				EBE944C429A86D02006FE938 /* HomeView.swift */,
				EB878C9829A8551600958633 /* Assets.xcassets */,
				EB878CA229A8578500958633 /* Info.plist */,
				EB878CA329A8587300958633 /* GoogleService-Info.plist */,
				EB878C9A29A8551600958633 /* Preview Content */,
			);
			path = DoneDidIt;
			sourceTree = "<group>";
		};
		EB878C9A29A8551600958633 /* Preview Content */ = {
			isa = PBXGroup;
			children = (
				EB878C9B29A8551600958633 /* Preview Assets.xcassets */,
			);
			path = "Preview Content";
			sourceTree = "<group>";
		};
/* End PBXGroup section */

/* Begin PBXNativeTarget section */
		EB878C9029A8551300958633 /* DoneDidIt */ = {
			isa = PBXNativeTarget;
			buildConfigurationList = EB878C9F29A8551600958633 /* Build configuration list for PBXNativeTarget "DoneDidIt" */;
			buildPhases = (
				EB878C8D29A8551300958633 /* Sources */,
				EB878C8E29A8551300958633 /* Frameworks */,
				EB878C8F29A8551300958633 /* Resources */,
			);
			buildRules = (
			);
			dependencies = (
			);
			name = DoneDidIt;
			packageProductDependencies = (
				EB878CA629A85AB500958633 /* FirebaseAuth */,
				EB878CA829A85AB600958633 /* FirebaseFirestore */,
				EB878CAA29A85AB600958633 /* FirebaseStorage */,
			);
			productName = DoneDidIt;
			productReference = EB878C9129A8551300958633 /* DoneDidIt.app */;
			productType = "com.apple.product-type.application";
		};
/* End PBXNativeTarget section */

/* Begin PBXProject section */
		EB878C8929A8551300958633 /* Project object */ = {
			isa = PBXProject;
			attributes = {
				BuildIndependentTargetsInParallel = 1;
				LastSwiftUpdateCheck = 1420;
				LastUpgradeCheck = 1420;
				TargetAttributes = {
					EB878C9029A8551300958633 = {
						CreatedOnToolsVersion = 14.2;
					};
				};
			};
			buildConfigurationList = EB878C8C29A8551300958633 /* Build configuration list for PBXProject "DoneDidIt" */;
			compatibilityVersion = "Xcode 14.0";
			developmentRegion = en;
			hasScannedForEncodings = 0;
			knownRegions = (
				en,
				Base,
			);
			mainGroup = EB878C8829A8551300958633;
			packageReferences = (
				EB878CA529A85AB500958633 /* XCRemoteSwiftPackageReference "firebase-ios-sdk" */,
			);
			productRefGroup = EB878C9229A8551300958633 /* Products */;
			projectDirPath = "";
			projectRoot = "";
			targets = (
				EB878C9029A8551300958633 /* DoneDidIt */,
			);
		};
/* End PBXProject section */

/* Begin PBXResourcesBuildPhase section */
		EB878C8F29A8551300958633 /* Resources */ = {
			isa = PBXResourcesBuildPhase;
			buildActionMask = 2147483647;
			files = (
				EB878C9C29A8551600958633 /* Preview Assets.xcassets in Resources */,
				EB878C9929A8551600958633 /* Assets.xcassets in Resources */,
				EB878CA429A8587300958633 /* GoogleService-Info.plist in Resources */,
			);
			runOnlyForDeploymentPostprocessing = 0;
		};
/* End PBXResourcesBuildPhase section */

/* Begin PBXSourcesBuildPhase section */
		EB878C8D29A8551300958633 /* Sources */ = {
			isa = PBXSourcesBuildPhase;
			buildActionMask = 2147483647;
			files = (
				EBE944C329A86CED006FE938 /* LandingView.swift in Sources */,
				EBE944C129A86B78006FE938 /* AuthenticationModel.swift in Sources */,
				EB878C9529A8551300958633 /* DoneDidItApp.swift in Sources */,
				EBE944C529A86D02006FE938 /* HomeView.swift in Sources */,
				EB878CAD29A8603F00958633 /* AuthenticationSwitcher.swift in Sources */,
			);
			runOnlyForDeploymentPostprocessing = 0;
		};
/* End PBXSourcesBuildPhase section */

/* Begin XCBuildConfiguration section */
		EB878C9D29A8551600958633 /* Debug */ = {
			isa = XCBuildConfiguration;
			buildSettings = {
				ALWAYS_SEARCH_USER_PATHS = NO;
				CLANG_ANALYZER_NONNULL = YES;
				CLANG_ANALYZER_NUMBER_OBJECT_CONVERSION = YES_AGGRESSIVE;
				CLANG_CXX_LANGUAGE_STANDARD = "gnu++20";
				CLANG_ENABLE_MODULES = YES;
				CLANG_ENABLE_OBJC_ARC = YES;
				CLANG_ENABLE_OBJC_WEAK = YES;
				CLANG_WARN_BLOCK_CAPTURE_AUTORELEASING = YES;
				CLANG_WARN_BOOL_CONVERSION = YES;
				CLANG_WARN_COMMA = YES;
				CLANG_WARN_CONSTANT_CONVERSION = YES;
				CLANG_WARN_DEPRECATED_OBJC_IMPLEMENTATIONS = YES;
				CLANG_WARN_DIRECT_OBJC_ISA_USAGE = YES_ERROR;
				CLANG_WARN_DOCUMENTATION_COMMENTS = YES;
				CLANG_WARN_EMPTY_BODY = YES;
				CLANG_WARN_ENUM_CONVERSION = YES;
				CLANG_WARN_INFINITE_RECURSION = YES;
				CLANG_WARN_INT_CONVERSION = YES;
				CLANG_WARN_NON_LITERAL_NULL_CONVERSION = YES;
				CLANG_WARN_OBJC_IMPLICIT_RETAIN_SELF = YES;
				CLANG_WARN_OBJC_LITERAL_CONVERSION = YES;
				CLANG_WARN_OBJC_ROOT_CLASS = YES_ERROR;
				CLANG_WARN_QUOTED_INCLUDE_IN_FRAMEWORK_HEADER = YES;
				CLANG_WARN_RANGE_LOOP_ANALYSIS = YES;
				CLANG_WARN_STRICT_PROTOTYPES = YES;
				CLANG_WARN_SUSPICIOUS_MOVE = YES;
				CLANG_WARN_UNGUARDED_AVAILABILITY = YES_AGGRESSIVE;
				CLANG_WARN_UNREACHABLE_CODE = YES;
				CLANG_WARN__DUPLICATE_METHOD_MATCH = YES;
				COPY_PHASE_STRIP = NO;
				DEBUG_INFORMATION_FORMAT = dwarf;
				ENABLE_STRICT_OBJC_MSGSEND = YES;
				ENABLE_TESTABILITY = YES;
				GCC_C_LANGUAGE_STANDARD = gnu11;
				GCC_DYNAMIC_NO_PIC = NO;
				GCC_NO_COMMON_BLOCKS = YES;
				GCC_OPTIMIZATION_LEVEL = 0;
				GCC_PREPROCESSOR_DEFINITIONS = (
					"DEBUG=1",
					"$(inherited)",
				);
				GCC_WARN_64_TO_32_BIT_CONVERSION = YES;
				GCC_WARN_ABOUT_RETURN_TYPE = YES_ERROR;
				GCC_WARN_UNDECLARED_SELECTOR = YES;
				GCC_WARN_UNINITIALIZED_AUTOS = YES_AGGRESSIVE;
				GCC_WARN_UNUSED_FUNCTION = YES;
				GCC_WARN_UNUSED_VARIABLE = YES;
				IPHONEOS_DEPLOYMENT_TARGET = 16.2;
				MTL_ENABLE_DEBUG_INFO = INCLUDE_SOURCE;
				MTL_FAST_MATH = YES;
				ONLY_ACTIVE_ARCH = YES;
				SDKROOT = iphoneos;
				SWIFT_ACTIVE_COMPILATION_CONDITIONS = DEBUG;
				SWIFT_OPTIMIZATION_LEVEL = "-Onone";
			};
			name = Debug;
		};
		EB878C9E29A8551600958633 /* Release */ = {
			isa = XCBuildConfiguration;
			buildSettings = {
				ALWAYS_SEARCH_USER_PATHS = NO;
				CLANG_ANALYZER_NONNULL = YES;
				CLANG_ANALYZER_NUMBER_OBJECT_CONVERSION = YES_AGGRESSIVE;
				CLANG_CXX_LANGUAGE_STANDARD = "gnu++20";
				CLANG_ENABLE_MODULES = YES;
				CLANG_ENABLE_OBJC_ARC = YES;
				CLANG_ENABLE_OBJC_WEAK = YES;
				CLANG_WARN_BLOCK_CAPTURE_AUTORELEASING = YES;
				CLANG_WARN_BOOL_CONVERSION = YES;
				CLANG_WARN_COMMA = YES;
				CLANG_WARN_CONSTANT_CONVERSION = YES;
				CLANG_WARN_DEPRECATED_OBJC_IMPLEMENTATIONS = YES;
				CLANG_WARN_DIRECT_OBJC_ISA_USAGE = YES_ERROR;
				CLANG_WARN_DOCUMENTATION_COMMENTS = YES;
				CLANG_WARN_EMPTY_BODY = YES;
				CLANG_WARN_ENUM_CONVERSION = YES;
				CLANG_WARN_INFINITE_RECURSION = YES;
				CLANG_WARN_INT_CONVERSION = YES;
				CLANG_WARN_NON_LITERAL_NULL_CONVERSION = YES;
				CLANG_WARN_OBJC_IMPLICIT_RETAIN_SELF = YES;
				CLANG_WARN_OBJC_LITERAL_CONVERSION = YES;
				CLANG_WARN_OBJC_ROOT_CLASS = YES_ERROR;
				CLANG_WARN_QUOTED_INCLUDE_IN_FRAMEWORK_HEADER = YES;
				CLANG_WARN_RANGE_LOOP_ANALYSIS = YES;
				CLANG_WARN_STRICT_PROTOTYPES = YES;
				CLANG_WARN_SUSPICIOUS_MOVE = YES;
				CLANG_WARN_UNGUARDED_AVAILABILITY = YES_AGGRESSIVE;
				CLANG_WARN_UNREACHABLE_CODE = YES;
				CLANG_WARN__DUPLICATE_METHOD_MATCH = YES;
				COPY_PHASE_STRIP = NO;
				DEBUG_INFORMATION_FORMAT = "dwarf-with-dsym";
				ENABLE_NS_ASSERTIONS = NO;
				ENABLE_STRICT_OBJC_MSGSEND = YES;
				GCC_C_LANGUAGE_STANDARD = gnu11;
				GCC_NO_COMMON_BLOCKS = YES;
				GCC_WARN_64_TO_32_BIT_CONVERSION = YES;
				GCC_WARN_ABOUT_RETURN_TYPE = YES_ERROR;
				GCC_WARN_UNDECLARED_SELECTOR = YES;
				GCC_WARN_UNINITIALIZED_AUTOS = YES_AGGRESSIVE;
				GCC_WARN_UNUSED_FUNCTION = YES;
				GCC_WARN_UNUSED_VARIABLE = YES;
				IPHONEOS_DEPLOYMENT_TARGET = 16.2;
				MTL_ENABLE_DEBUG_INFO = NO;
				MTL_FAST_MATH = YES;
				SDKROOT = iphoneos;
				SWIFT_COMPILATION_MODE = wholemodule;
				SWIFT_OPTIMIZATION_LEVEL = "-O";
				VALIDATE_PRODUCT = YES;
			};
			name = Release;
		};
		EB878CA029A8551600958633 /* Debug */ = {
			isa = XCBuildConfiguration;
			buildSettings = {
				ASSETCATALOG_COMPILER_APPICON_NAME = AppIcon;
				ASSETCATALOG_COMPILER_GLOBAL_ACCENT_COLOR_NAME = AccentColor;
				CODE_SIGN_ENTITLEMENTS = DoneDidIt/DoneDidIt.entitlements;
				CODE_SIGN_STYLE = Automatic;
				CURRENT_PROJECT_VERSION = 1;
				DEVELOPMENT_ASSET_PATHS = "\"DoneDidIt/Preview Content\"";
				DEVELOPMENT_TEAM = 82BR6DK9NJ;
				ENABLE_PREVIEWS = YES;
				GENERATE_INFOPLIST_FILE = YES;
				INFOPLIST_FILE = DoneDidIt/Info.plist;
				INFOPLIST_KEY_CFBundleDisplayName = "Done Did It";
				INFOPLIST_KEY_LSApplicationCategoryType = "public.app-category.productivity";
				INFOPLIST_KEY_UIApplicationSceneManifest_Generation = YES;
				INFOPLIST_KEY_UIApplicationSupportsIndirectInputEvents = YES;
				INFOPLIST_KEY_UILaunchScreen_Generation = YES;
				INFOPLIST_KEY_UIStatusBarStyle = UIStatusBarStyleDarkContent;
				INFOPLIST_KEY_UISupportedInterfaceOrientations = UIInterfaceOrientationPortrait;
				INFOPLIST_KEY_UISupportedInterfaceOrientations_iPad = "UIInterfaceOrientationLandscapeLeft UIInterfaceOrientationLandscapeRight UIInterfaceOrientationPortrait UIInterfaceOrientationPortraitUpsideDown";
				INFOPLIST_KEY_UIUserInterfaceStyle = Dark;
				LD_RUNPATH_SEARCH_PATHS = (
					"$(inherited)",
					"@executable_path/Frameworks",
				);
				MARKETING_VERSION = 1.0;
				PRODUCT_BUNDLE_IDENTIFIER = cesaralmendarez.DoneDidIt;
				PRODUCT_NAME = "$(TARGET_NAME)";
				SUPPORTED_PLATFORMS = "iphoneos iphonesimulator";
				SUPPORTS_MACCATALYST = NO;
				SUPPORTS_MAC_DESIGNED_FOR_IPHONE_IPAD = NO;
				SWIFT_EMIT_LOC_STRINGS = YES;
				SWIFT_VERSION = 5.0;
				TARGETED_DEVICE_FAMILY = 1;
			};
			name = Debug;
		};
		EB878CA129A8551600958633 /* Release */ = {
			isa = XCBuildConfiguration;
			buildSettings = {
				ASSETCATALOG_COMPILER_APPICON_NAME = AppIcon;
				ASSETCATALOG_COMPILER_GLOBAL_ACCENT_COLOR_NAME = AccentColor;
				CODE_SIGN_ENTITLEMENTS = DoneDidIt/DoneDidIt.entitlements;
				CODE_SIGN_STYLE = Automatic;
				CURRENT_PROJECT_VERSION = 1;
				DEVELOPMENT_ASSET_PATHS = "\"DoneDidIt/Preview Content\"";
				DEVELOPMENT_TEAM = 82BR6DK9NJ;
				ENABLE_PREVIEWS = YES;
				GENERATE_INFOPLIST_FILE = YES;
				INFOPLIST_FILE = DoneDidIt/Info.plist;
				INFOPLIST_KEY_CFBundleDisplayName = "Done Did It";
				INFOPLIST_KEY_LSApplicationCategoryType = "public.app-category.productivity";
				INFOPLIST_KEY_UIApplicationSceneManifest_Generation = YES;
				INFOPLIST_KEY_UIApplicationSupportsIndirectInputEvents = YES;
				INFOPLIST_KEY_UILaunchScreen_Generation = YES;
				INFOPLIST_KEY_UIStatusBarStyle = UIStatusBarStyleDarkContent;
				INFOPLIST_KEY_UISupportedInterfaceOrientations = UIInterfaceOrientationPortrait;
				INFOPLIST_KEY_UISupportedInterfaceOrientations_iPad = "UIInterfaceOrientationLandscapeLeft UIInterfaceOrientationLandscapeRight UIInterfaceOrientationPortrait UIInterfaceOrientationPortraitUpsideDown";
				INFOPLIST_KEY_UIUserInterfaceStyle = Dark;
				LD_RUNPATH_SEARCH_PATHS = (
					"$(inherited)",
					"@executable_path/Frameworks",
				);
				MARKETING_VERSION = 1.0;
				PRODUCT_BUNDLE_IDENTIFIER = cesaralmendarez.DoneDidIt;
				PRODUCT_NAME = "$(TARGET_NAME)";
				SUPPORTED_PLATFORMS = "iphoneos iphonesimulator";
				SUPPORTS_MACCATALYST = NO;
				SUPPORTS_MAC_DESIGNED_FOR_IPHONE_IPAD = NO;
				SWIFT_EMIT_LOC_STRINGS = YES;
				SWIFT_VERSION = 5.0;
				TARGETED_DEVICE_FAMILY = 1;
			};
			name = Release;
		};
/* End XCBuildConfiguration section */

/* Begin XCConfigurationList section */
		EB878C8C29A8551300958633 /* Build configuration list for PBXProject "DoneDidIt" */ = {
			isa = XCConfigurationList;
			buildConfigurations = (
				EB878C9D29A8551600958633 /* Debug */,
				EB878C9E29A8551600958633 /* Release */,
			);
			defaultConfigurationIsVisible = 0;
			defaultConfigurationName = Release;
		};
		EB878C9F29A8551600958633 /* Build configuration list for PBXNativeTarget "DoneDidIt" */ = {
			isa = XCConfigurationList;
			buildConfigurations = (
				EB878CA029A8551600958633 /* Debug */,
				EB878CA129A8551600958633 /* Release */,
			);
			defaultConfigurationIsVisible = 0;
			defaultConfigurationName = Release;
		};
/* End XCConfigurationList section */

/* Begin XCRemoteSwiftPackageReference section */
		EB878CA529A85AB500958633 /* XCRemoteSwiftPackageReference "firebase-ios-sdk" */ = {
			isa = XCRemoteSwiftPackageReference;
			repositoryURL = "https://github.com/firebase/firebase-ios-sdk";
			requirement = {
				kind = upToNextMajorVersion;
				minimumVersion = 9.0.0;
			};
		};
/* End XCRemoteSwiftPackageReference section */

/* Begin XCSwiftPackageProductDependency section */
		EB878CA629A85AB500958633 /* FirebaseAuth */ = {
			isa = XCSwiftPackageProductDependency;
			package = EB878CA529A85AB500958633 /* XCRemoteSwiftPackageReference "firebase-ios-sdk" */;
			productName = FirebaseAuth;
		};
		EB878CA829A85AB600958633 /* FirebaseFirestore */ = {
			isa = XCSwiftPackageProductDependency;
			package = EB878CA529A85AB500958633 /* XCRemoteSwiftPackageReference "firebase-ios-sdk" */;
			productName = FirebaseFirestore;
		};
		EB878CAA29A85AB600958633 /* FirebaseStorage */ = {
			isa = XCSwiftPackageProductDependency;
			package = EB878CA529A85AB500958633 /* XCRemoteSwiftPackageReference "firebase-ios-sdk" */;
			productName = FirebaseStorage;
		};
/* End XCSwiftPackageProductDependency section */
	};
	rootObject = EB878C8929A8551300958633 /* Project object */;
}
